// !$*UTF8*$!
{
	archiveVersion = 1;
	classes = {
	};
	objectVersion = 50;
	objects = {

/* Begin PBXBuildFile section */
		A7B6E02F2578F00A0079879A /* AppDelegate.swift in Sources */ = {isa = PBXBuildFile; fileRef = A7B6E02E2578F00A0079879A /* AppDelegate.swift */; };
		A7B6E0382578F00B0079879A /* Assets.xcassets in Resources */ = {isa = PBXBuildFile; fileRef = A7B6E0372578F00B0079879A /* Assets.xcassets */; };
		A7B6E03B2578F00B0079879A /* LaunchScreen.storyboard in Resources */ = {isa = PBXBuildFile; fileRef = A7B6E0392578F00B0079879A /* LaunchScreen.storyboard */; };
		A7B6E0462578F00C0079879A /* MostPopularArticlesTests.swift in Sources */ = {isa = PBXBuildFile; fileRef = A7B6E0452578F00C0079879A /* MostPopularArticlesTests.swift */; };
		A7B6E0512578F00C0079879A /* MostPopularArticlesUITests.swift in Sources */ = {isa = PBXBuildFile; fileRef = A7B6E0502578F00C0079879A /* MostPopularArticlesUITests.swift */; };
		A7B6E07F2579019E0079879A /* RootWireFrame.swift in Sources */ = {isa = PBXBuildFile; fileRef = A7B6E07E2579019E0079879A /* RootWireFrame.swift */; };
		A7B6E0C7257911D30079879A /* AccessTokenAuthorizable.swift in Sources */ = {isa = PBXBuildFile; fileRef = A7B6E0C0257911D30079879A /* AccessTokenAuthorizable.swift */; };
		A7B6E0C8257911D30079879A /* CommonHeadersProtocol.swift in Sources */ = {isa = PBXBuildFile; fileRef = A7B6E0C1257911D30079879A /* CommonHeadersProtocol.swift */; };
		A7B6E0C9257911D30079879A /* APIService.swift in Sources */ = {isa = PBXBuildFile; fileRef = A7B6E0C2257911D30079879A /* APIService.swift */; };
		A7B6E0CA257911D30079879A /* Encoder.swift in Sources */ = {isa = PBXBuildFile; fileRef = A7B6E0C3257911D30079879A /* Encoder.swift */; };
		A7B6E0CB257911D30079879A /* RequestHTTPMethod.swift in Sources */ = {isa = PBXBuildFile; fileRef = A7B6E0C4257911D30079879A /* RequestHTTPMethod.swift */; };
		A7B6E0CC257911D30079879A /* Task.swift in Sources */ = {isa = PBXBuildFile; fileRef = A7B6E0C5257911D30079879A /* Task.swift */; };
		A7B6E0CD257911D30079879A /* EndPoint.swift in Sources */ = {isa = PBXBuildFile; fileRef = A7B6E0C6257911D30079879A /* EndPoint.swift */; };
		A7B6E0D3257913A10079879A /* Dictionary.swift in Sources */ = {isa = PBXBuildFile; fileRef = A7B6E0D2257913A10079879A /* Dictionary.swift */; };
		A7B6E0E6257915D00079879A /* Defaults.swift in Sources */ = {isa = PBXBuildFile; fileRef = A7B6E0E5257915D00079879A /* Defaults.swift */; };
		A7B6E0F02579165C0079879A /* EnvironmentProtocol.swift in Sources */ = {isa = PBXBuildFile; fileRef = A7B6E0EF2579165C0079879A /* EnvironmentProtocol.swift */; };
		A7B6E0F9257916A80079879A /* Environment.swift in Sources */ = {isa = PBXBuildFile; fileRef = A7B6E0F8257916A80079879A /* Environment.swift */; };
		A7B6E1052579172A0079879A /* NYError.swift in Sources */ = {isa = PBXBuildFile; fileRef = A7B6E1042579172A0079879A /* NYError.swift */; };
		A7B6E10E257917A30079879A /* URL+Appending.swift in Sources */ = {isa = PBXBuildFile; fileRef = A7B6E10D257917A30079879A /* URL+Appending.swift */; };
		A7B6E12A257935540079879A /* NYTMostViewdArticlesPresenter.swift in Sources */ = {isa = PBXBuildFile; fileRef = A7B6E124257935540079879A /* NYTMostViewdArticlesPresenter.swift */; };
		A7B6E12B257935540079879A /* NYTMostViewdArticlesRouter.swift in Sources */ = {isa = PBXBuildFile; fileRef = A7B6E125257935540079879A /* NYTMostViewdArticlesRouter.swift */; };
		A7B6E12C257935540079879A /* NYTMostViewdArticlesViewController.swift in Sources */ = {isa = PBXBuildFile; fileRef = A7B6E126257935540079879A /* NYTMostViewdArticlesViewController.swift */; };
		A7B6E12D257935540079879A /* NYTMostViewdArticlesProtocols.swift in Sources */ = {isa = PBXBuildFile; fileRef = A7B6E127257935540079879A /* NYTMostViewdArticlesProtocols.swift */; };
		A7B6E12E257935540079879A /* NYTMostViewdArticlesInteractor.swift in Sources */ = {isa = PBXBuildFile; fileRef = A7B6E128257935540079879A /* NYTMostViewdArticlesInteractor.swift */; };
		A7B6E12F257935540079879A /* NYTMostViewdArticlesViewController.xib in Resources */ = {isa = PBXBuildFile; fileRef = A7B6E129257935540079879A /* NYTMostViewdArticlesViewController.xib */; };
		A7B6E13D257940A40079879A /* NYTimesNewsResponse.swift in Sources */ = {isa = PBXBuildFile; fileRef = A7B6E139257940A30079879A /* NYTimesNewsResponse.swift */; };
		A7B6E13E257940A40079879A /* Media_metadata.swift in Sources */ = {isa = PBXBuildFile; fileRef = A7B6E13A257940A40079879A /* Media_metadata.swift */; };
		A7B6E13F257940A40079879A /* Media.swift in Sources */ = {isa = PBXBuildFile; fileRef = A7B6E13B257940A40079879A /* Media.swift */; };
		A7B6E140257940A40079879A /* NewsArticle.swift in Sources */ = {isa = PBXBuildFile; fileRef = A7B6E13C257940A40079879A /* NewsArticle.swift */; };
		A7B6E14C257954A00079879A /* NewsTableViewCell.swift in Sources */ = {isa = PBXBuildFile; fileRef = A7B6E14A257954A00079879A /* NewsTableViewCell.swift */; };
		A7B6E14D257954A00079879A /* NewsTableViewCell.xib in Resources */ = {isa = PBXBuildFile; fileRef = A7B6E14B257954A00079879A /* NewsTableViewCell.xib */; };
		A7B6E15725795A830079879A /* NYTimesNewsService.swift in Sources */ = {isa = PBXBuildFile; fileRef = A7B6E15625795A830079879A /* NYTimesNewsService.swift */; };
		A7B6E15E25795B680079879A /* NYTimesNewsEndPoint.swift in Sources */ = {isa = PBXBuildFile; fileRef = A7B6E15D25795B680079879A /* NYTimesNewsEndPoint.swift */; };
		A7B6E16F25795C7E0079879A /* Period.swift in Sources */ = {isa = PBXBuildFile; fileRef = A7B6E16E25795C7E0079879A /* Period.swift */; };
/* End PBXBuildFile section */

/* Begin PBXContainerItemProxy section */
		A7B6E0422578F00C0079879A /* PBXContainerItemProxy */ = {
			isa = PBXContainerItemProxy;
			containerPortal = A7B6E0232578F00A0079879A /* Project object */;
			proxyType = 1;
			remoteGlobalIDString = A7B6E02A2578F00A0079879A;
			remoteInfo = MostPopularArticles;
		};
		A7B6E04D2578F00C0079879A /* PBXContainerItemProxy */ = {
			isa = PBXContainerItemProxy;
			containerPortal = A7B6E0232578F00A0079879A /* Project object */;
			proxyType = 1;
			remoteGlobalIDString = A7B6E02A2578F00A0079879A;
			remoteInfo = MostPopularArticles;
		};
/* End PBXContainerItemProxy section */

/* Begin PBXFileReference section */
		A7B6E02B2578F00A0079879A /* MostPopularArticles.app */ = {isa = PBXFileReference; explicitFileType = wrapper.application; includeInIndex = 0; path = MostPopularArticles.app; sourceTree = BUILT_PRODUCTS_DIR; };
		A7B6E02E2578F00A0079879A /* AppDelegate.swift */ = {isa = PBXFileReference; lastKnownFileType = sourcecode.swift; path = AppDelegate.swift; sourceTree = "<group>"; };
		A7B6E0372578F00B0079879A /* Assets.xcassets */ = {isa = PBXFileReference; lastKnownFileType = folder.assetcatalog; path = Assets.xcassets; sourceTree = "<group>"; };
		A7B6E03A2578F00B0079879A /* Base */ = {isa = PBXFileReference; lastKnownFileType = file.storyboard; name = Base; path = Base.lproj/LaunchScreen.storyboard; sourceTree = "<group>"; };
		A7B6E03C2578F00B0079879A /* Info.plist */ = {isa = PBXFileReference; lastKnownFileType = text.plist.xml; path = Info.plist; sourceTree = "<group>"; };
		A7B6E0412578F00C0079879A /* MostPopularArticlesTests.xctest */ = {isa = PBXFileReference; explicitFileType = wrapper.cfbundle; includeInIndex = 0; path = MostPopularArticlesTests.xctest; sourceTree = BUILT_PRODUCTS_DIR; };
		A7B6E0452578F00C0079879A /* MostPopularArticlesTests.swift */ = {isa = PBXFileReference; lastKnownFileType = sourcecode.swift; path = MostPopularArticlesTests.swift; sourceTree = "<group>"; };
		A7B6E0472578F00C0079879A /* Info.plist */ = {isa = PBXFileReference; lastKnownFileType = text.plist.xml; path = Info.plist; sourceTree = "<group>"; };
		A7B6E04C2578F00C0079879A /* MostPopularArticlesUITests.xctest */ = {isa = PBXFileReference; explicitFileType = wrapper.cfbundle; includeInIndex = 0; path = MostPopularArticlesUITests.xctest; sourceTree = BUILT_PRODUCTS_DIR; };
		A7B6E0502578F00C0079879A /* MostPopularArticlesUITests.swift */ = {isa = PBXFileReference; lastKnownFileType = sourcecode.swift; path = MostPopularArticlesUITests.swift; sourceTree = "<group>"; };
		A7B6E0522578F00C0079879A /* Info.plist */ = {isa = PBXFileReference; lastKnownFileType = text.plist.xml; path = Info.plist; sourceTree = "<group>"; };
		A7B6E07E2579019E0079879A /* RootWireFrame.swift */ = {isa = PBXFileReference; lastKnownFileType = sourcecode.swift; path = RootWireFrame.swift; sourceTree = "<group>"; };
		A7B6E0C0257911D30079879A /* AccessTokenAuthorizable.swift */ = {isa = PBXFileReference; fileEncoding = 4; lastKnownFileType = sourcecode.swift; path = AccessTokenAuthorizable.swift; sourceTree = "<group>"; };
		A7B6E0C1257911D30079879A /* CommonHeadersProtocol.swift */ = {isa = PBXFileReference; fileEncoding = 4; lastKnownFileType = sourcecode.swift; path = CommonHeadersProtocol.swift; sourceTree = "<group>"; };
		A7B6E0C2257911D30079879A /* APIService.swift */ = {isa = PBXFileReference; fileEncoding = 4; lastKnownFileType = sourcecode.swift; path = APIService.swift; sourceTree = "<group>"; };
		A7B6E0C3257911D30079879A /* Encoder.swift */ = {isa = PBXFileReference; fileEncoding = 4; lastKnownFileType = sourcecode.swift; path = Encoder.swift; sourceTree = "<group>"; };
		A7B6E0C4257911D30079879A /* RequestHTTPMethod.swift */ = {isa = PBXFileReference; fileEncoding = 4; lastKnownFileType = sourcecode.swift; path = RequestHTTPMethod.swift; sourceTree = "<group>"; };
		A7B6E0C5257911D30079879A /* Task.swift */ = {isa = PBXFileReference; fileEncoding = 4; lastKnownFileType = sourcecode.swift; path = Task.swift; sourceTree = "<group>"; };
		A7B6E0C6257911D30079879A /* EndPoint.swift */ = {isa = PBXFileReference; fileEncoding = 4; lastKnownFileType = sourcecode.swift; path = EndPoint.swift; sourceTree = "<group>"; };
		A7B6E0D2257913A10079879A /* Dictionary.swift */ = {isa = PBXFileReference; lastKnownFileType = sourcecode.swift; path = Dictionary.swift; sourceTree = "<group>"; };
		A7B6E0E5257915D00079879A /* Defaults.swift */ = {isa = PBXFileReference; lastKnownFileType = sourcecode.swift; path = Defaults.swift; sourceTree = "<group>"; };
		A7B6E0EF2579165C0079879A /* EnvironmentProtocol.swift */ = {isa = PBXFileReference; lastKnownFileType = sourcecode.swift; path = EnvironmentProtocol.swift; sourceTree = "<group>"; };
		A7B6E0F8257916A80079879A /* Environment.swift */ = {isa = PBXFileReference; lastKnownFileType = sourcecode.swift; path = Environment.swift; sourceTree = "<group>"; };
		A7B6E1042579172A0079879A /* NYError.swift */ = {isa = PBXFileReference; lastKnownFileType = sourcecode.swift; path = NYError.swift; sourceTree = "<group>"; };
		A7B6E10D257917A30079879A /* URL+Appending.swift */ = {isa = PBXFileReference; lastKnownFileType = sourcecode.swift; path = "URL+Appending.swift"; sourceTree = "<group>"; };
		A7B6E124257935540079879A /* NYTMostViewdArticlesPresenter.swift */ = {isa = PBXFileReference; lastKnownFileType = sourcecode.swift; path = NYTMostViewdArticlesPresenter.swift; sourceTree = "<group>"; };
		A7B6E125257935540079879A /* NYTMostViewdArticlesRouter.swift */ = {isa = PBXFileReference; lastKnownFileType = sourcecode.swift; path = NYTMostViewdArticlesRouter.swift; sourceTree = "<group>"; };
		A7B6E126257935540079879A /* NYTMostViewdArticlesViewController.swift */ = {isa = PBXFileReference; lastKnownFileType = sourcecode.swift; path = NYTMostViewdArticlesViewController.swift; sourceTree = "<group>"; };
		A7B6E127257935540079879A /* NYTMostViewdArticlesProtocols.swift */ = {isa = PBXFileReference; lastKnownFileType = sourcecode.swift; path = NYTMostViewdArticlesProtocols.swift; sourceTree = "<group>"; };
		A7B6E128257935540079879A /* NYTMostViewdArticlesInteractor.swift */ = {isa = PBXFileReference; lastKnownFileType = sourcecode.swift; path = NYTMostViewdArticlesInteractor.swift; sourceTree = "<group>"; };
		A7B6E129257935540079879A /* NYTMostViewdArticlesViewController.xib */ = {isa = PBXFileReference; lastKnownFileType = file.xib; path = NYTMostViewdArticlesViewController.xib; sourceTree = "<group>"; };
		A7B6E139257940A30079879A /* NYTimesNewsResponse.swift */ = {isa = PBXFileReference; fileEncoding = 4; lastKnownFileType = sourcecode.swift; path = NYTimesNewsResponse.swift; sourceTree = "<group>"; };
		A7B6E13A257940A40079879A /* Media_metadata.swift */ = {isa = PBXFileReference; fileEncoding = 4; lastKnownFileType = sourcecode.swift; path = Media_metadata.swift; sourceTree = "<group>"; };
		A7B6E13B257940A40079879A /* Media.swift */ = {isa = PBXFileReference; fileEncoding = 4; lastKnownFileType = sourcecode.swift; path = Media.swift; sourceTree = "<group>"; };
		A7B6E13C257940A40079879A /* NewsArticle.swift */ = {isa = PBXFileReference; fileEncoding = 4; lastKnownFileType = sourcecode.swift; path = NewsArticle.swift; sourceTree = "<group>"; };
		A7B6E14A257954A00079879A /* NewsTableViewCell.swift */ = {isa = PBXFileReference; lastKnownFileType = sourcecode.swift; path = NewsTableViewCell.swift; sourceTree = "<group>"; };
		A7B6E14B257954A00079879A /* NewsTableViewCell.xib */ = {isa = PBXFileReference; lastKnownFileType = file.xib; path = NewsTableViewCell.xib; sourceTree = "<group>"; };
		A7B6E15625795A830079879A /* NYTimesNewsService.swift */ = {isa = PBXFileReference; lastKnownFileType = sourcecode.swift; path = NYTimesNewsService.swift; sourceTree = "<group>"; };
		A7B6E15D25795B680079879A /* NYTimesNewsEndPoint.swift */ = {isa = PBXFileReference; lastKnownFileType = sourcecode.swift; path = NYTimesNewsEndPoint.swift; sourceTree = "<group>"; };
		A7B6E16E25795C7E0079879A /* Period.swift */ = {isa = PBXFileReference; lastKnownFileType = sourcecode.swift; path = Period.swift; sourceTree = "<group>"; };
/* End PBXFileReference section */

/* Begin PBXFrameworksBuildPhase section */
		A7B6E0282578F00A0079879A /* Frameworks */ = {
			isa = PBXFrameworksBuildPhase;
			buildActionMask = 2147483647;
			files = (
			);
			runOnlyForDeploymentPostprocessing = 0;
		};
		A7B6E03E2578F00C0079879A /* Frameworks */ = {
			isa = PBXFrameworksBuildPhase;
			buildActionMask = 2147483647;
			files = (
			);
			runOnlyForDeploymentPostprocessing = 0;
		};
		A7B6E0492578F00C0079879A /* Frameworks */ = {
			isa = PBXFrameworksBuildPhase;
			buildActionMask = 2147483647;
			files = (
			);
			runOnlyForDeploymentPostprocessing = 0;
		};
/* End PBXFrameworksBuildPhase section */

/* Begin PBXGroup section */
		A7B6E0222578F00A0079879A = {
			isa = PBXGroup;
			children = (
				A7B6E02D2578F00A0079879A /* MostPopularArticles */,
				A7B6E0442578F00C0079879A /* MostPopularArticlesTests */,
				A7B6E04F2578F00C0079879A /* MostPopularArticlesUITests */,
				A7B6E02C2578F00A0079879A /* Products */,
			);
			sourceTree = "<group>";
		};
		A7B6E02C2578F00A0079879A /* Products */ = {
			isa = PBXGroup;
			children = (
				A7B6E02B2578F00A0079879A /* MostPopularArticles.app */,
				A7B6E0412578F00C0079879A /* MostPopularArticlesTests.xctest */,
				A7B6E04C2578F00C0079879A /* MostPopularArticlesUITests.xctest */,
			);
			name = Products;
			sourceTree = "<group>";
		};
		A7B6E02D2578F00A0079879A /* MostPopularArticles */ = {
			isa = PBXGroup;
			children = (
				A7B6E07C2579016C0079879A /* Core */,
				A7B6E1222579351B0079879A /* Modules */,
				A7B6E02E2578F00A0079879A /* AppDelegate.swift */,
				A7B6E0372578F00B0079879A /* Assets.xcassets */,
				A7B6E0392578F00B0079879A /* LaunchScreen.storyboard */,
				A7B6E03C2578F00B0079879A /* Info.plist */,
			);
			path = MostPopularArticles;
			sourceTree = "<group>";
		};
		A7B6E0442578F00C0079879A /* MostPopularArticlesTests */ = {
			isa = PBXGroup;
			children = (
				A7B6E0452578F00C0079879A /* MostPopularArticlesTests.swift */,
				A7B6E0472578F00C0079879A /* Info.plist */,
			);
			path = MostPopularArticlesTests;
			sourceTree = "<group>";
		};
		A7B6E04F2578F00C0079879A /* MostPopularArticlesUITests */ = {
			isa = PBXGroup;
			children = (
				A7B6E0502578F00C0079879A /* MostPopularArticlesUITests.swift */,
				A7B6E0522578F00C0079879A /* Info.plist */,
			);
			path = MostPopularArticlesUITests;
			sourceTree = "<group>";
		};
		A7B6E07C2579016C0079879A /* Core */ = {
			isa = PBXGroup;
			children = (
				A7B6E103257917150079879A /* Errors */,
				A7B6E0ED257916300079879A /* Protocols */,
				A7B6E0D7257914F80079879A /* LocalService */,
				A7B6E0D12579138C0079879A /* Extensions */,
				A7B6E0AD25790EE60079879A /* RemoteService */,
				A7B6E07D257901800079879A /* WireFrame */,
			);
			path = Core;
			sourceTree = "<group>";
		};
		A7B6E07D257901800079879A /* WireFrame */ = {
			isa = PBXGroup;
			children = (
				A7B6E07E2579019E0079879A /* RootWireFrame.swift */,
			);
			path = WireFrame;
			sourceTree = "<group>";
		};
		A7B6E0AD25790EE60079879A /* RemoteService */ = {
			isa = PBXGroup;
			children = (
				A7B6E0BF257911D30079879A /* APIService */,
			);
			path = RemoteService;
			sourceTree = "<group>";
		};
		A7B6E0BF257911D30079879A /* APIService */ = {
			isa = PBXGroup;
			children = (
				A7B6E0C0257911D30079879A /* AccessTokenAuthorizable.swift */,
				A7B6E0C1257911D30079879A /* CommonHeadersProtocol.swift */,
				A7B6E0C2257911D30079879A /* APIService.swift */,
				A7B6E0C3257911D30079879A /* Encoder.swift */,
				A7B6E0C4257911D30079879A /* RequestHTTPMethod.swift */,
				A7B6E0C5257911D30079879A /* Task.swift */,
				A7B6E0C6257911D30079879A /* EndPoint.swift */,
			);
			path = APIService;
			sourceTree = "<group>";
		};
		A7B6E0D12579138C0079879A /* Extensions */ = {
			isa = PBXGroup;
			children = (
				A7B6E11825791A3A0079879A /* Dictionnary */,
				A7B6E10C257917900079879A /* URL */,
				A7B6E0E4257915BB0079879A /* UserDefaults */,
			);
			path = Extensions;
			sourceTree = "<group>";
		};
		A7B6E0D7257914F80079879A /* LocalService */ = {
			isa = PBXGroup;
			children = (
				A7B6E0F72579168F0079879A /* Environment */,
			);
			path = LocalService;
			sourceTree = "<group>";
		};
		A7B6E0E4257915BB0079879A /* UserDefaults */ = {
			isa = PBXGroup;
			children = (
				A7B6E0E5257915D00079879A /* Defaults.swift */,
			);
			path = UserDefaults;
			sourceTree = "<group>";
		};
		A7B6E0ED257916300079879A /* Protocols */ = {
			isa = PBXGroup;
			children = (
				A7B6E0EE2579163A0079879A /* EnvironmentProtocol */,
			);
			path = Protocols;
			sourceTree = "<group>";
		};
		A7B6E0EE2579163A0079879A /* EnvironmentProtocol */ = {
			isa = PBXGroup;
			children = (
				A7B6E0EF2579165C0079879A /* EnvironmentProtocol.swift */,
			);
			path = EnvironmentProtocol;
			sourceTree = "<group>";
		};
		A7B6E0F72579168F0079879A /* Environment */ = {
			isa = PBXGroup;
			children = (
				A7B6E0F8257916A80079879A /* Environment.swift */,
			);
			path = Environment;
			sourceTree = "<group>";
		};
		A7B6E103257917150079879A /* Errors */ = {
			isa = PBXGroup;
			children = (
				A7B6E1042579172A0079879A /* NYError.swift */,
			);
			path = Errors;
			sourceTree = "<group>";
		};
		A7B6E10C257917900079879A /* URL */ = {
			isa = PBXGroup;
			children = (
				A7B6E10D257917A30079879A /* URL+Appending.swift */,
			);
			path = URL;
			sourceTree = "<group>";
		};
		A7B6E11825791A3A0079879A /* Dictionnary */ = {
			isa = PBXGroup;
			children = (
				A7B6E0D2257913A10079879A /* Dictionary.swift */,
			);
			path = Dictionnary;
			sourceTree = "<group>";
		};
		A7B6E1222579351B0079879A /* Modules */ = {
			isa = PBXGroup;
			children = (
				A7B6E1232579352A0079879A /* HomeModule */,
			);
			path = Modules;
			sourceTree = "<group>";
		};
		A7B6E1232579352A0079879A /* HomeModule */ = {
			isa = PBXGroup;
			children = (
				A7B6E196257994230079879A /* ArticleDetails */,
				A7B6E195257993FB0079879A /* NewsList */,
			);
			path = HomeModule;
			sourceTree = "<group>";
		};
		A7B6E133257935B00079879A /* View */ = {
			isa = PBXGroup;
			children = (
				A7B6E151257954A60079879A /* cell */,
				A7B6E126257935540079879A /* NYTMostViewdArticlesViewController.swift */,
				A7B6E129257935540079879A /* NYTMostViewdArticlesViewController.xib */,
			);
			path = View;
			sourceTree = "<group>";
		};
		A7B6E134257935BE0079879A /* Interactor */ = {
			isa = PBXGroup;
			children = (
				A7B6E128257935540079879A /* NYTMostViewdArticlesInteractor.swift */,
			);
			path = Interactor;
			sourceTree = "<group>";
		};
		A7B6E135257935CD0079879A /* Presenter */ = {
			isa = PBXGroup;
			children = (
				A7B6E124257935540079879A /* NYTMostViewdArticlesPresenter.swift */,
			);
			path = Presenter;
			sourceTree = "<group>";
		};
		A7B6E136257935DB0079879A /* Router */ = {
			isa = PBXGroup;
			children = (
				A7B6E125257935540079879A /* NYTMostViewdArticlesRouter.swift */,
			);
			path = Router;
			sourceTree = "<group>";
		};
		A7B6E137257935F80079879A /* Response */ = {
			isa = PBXGroup;
			children = (
				A7B6E139257940A30079879A /* NYTimesNewsResponse.swift */,
				A7B6E13A257940A40079879A /* Media_metadata.swift */,
				A7B6E13B257940A40079879A /* Media.swift */,
				A7B6E13C257940A40079879A /* NewsArticle.swift */,
			);
			path = Response;
			sourceTree = "<group>";
		};
		A7B6E138257936070079879A /* Protocols */ = {
			isa = PBXGroup;
			children = (
				A7B6E127257935540079879A /* NYTMostViewdArticlesProtocols.swift */,
			);
			path = Protocols;
			sourceTree = "<group>";
		};
		A7B6E151257954A60079879A /* cell */ = {
			isa = PBXGroup;
			children = (
				A7B6E14A257954A00079879A /* NewsTableViewCell.swift */,
				A7B6E14B257954A00079879A /* NewsTableViewCell.xib */,
			);
			path = cell;
			sourceTree = "<group>";
		};
		A7B6E15525795A6A0079879A /* Service */ = {
			isa = PBXGroup;
			children = (
				A7B6E137257935F80079879A /* Response */,
				A7B6E15C25795B580079879A /* EndPoint */,
				A7B6E15B25795B4A0079879A /* RemoteService */,
			);
			path = Service;
			sourceTree = "<group>";
		};
		A7B6E15B25795B4A0079879A /* RemoteService */ = {
			isa = PBXGroup;
			children = (
				A7B6E15625795A830079879A /* NYTimesNewsService.swift */,
			);
			path = RemoteService;
			sourceTree = "<group>";
		};
		A7B6E15C25795B580079879A /* EndPoint */ = {
			isa = PBXGroup;
			children = (
				A7B6E15D25795B680079879A /* NYTimesNewsEndPoint.swift */,
			);
			path = EndPoint;
			sourceTree = "<group>";
		};
		A7B6E16B25795C5C0079879A /* Enums */ = {
			isa = PBXGroup;
			children = (
				A7B6E16C25795C660079879A /* Period */,
			);
			path = Enums;
			sourceTree = "<group>";
		};
		A7B6E16C25795C660079879A /* Period */ = {
			isa = PBXGroup;
			children = (
				A7B6E16E25795C7E0079879A /* Period.swift */,
			);
			path = Period;
			sourceTree = "<group>";
		};
		A7B6E195257993FB0079879A /* NewsList */ = {
			isa = PBXGroup;
			children = (
				A7B6E16B25795C5C0079879A /* Enums */,
				A7B6E15525795A6A0079879A /* Service */,
				A7B6E138257936070079879A /* Protocols */,
				A7B6E136257935DB0079879A /* Router */,
				A7B6E135257935CD0079879A /* Presenter */,
				A7B6E134257935BE0079879A /* Interactor */,
				A7B6E133257935B00079879A /* View */,
			);
			path = NewsList;
			sourceTree = "<group>";
		};
		A7B6E196257994230079879A /* ArticleDetails */ = {
			isa = PBXGroup;
			children = (
			);
			path = ArticleDetails;
			sourceTree = "<group>";
		};
/* End PBXGroup section */

/* Begin PBXNativeTarget section */
		A7B6E02A2578F00A0079879A /* MostPopularArticles */ = {
			isa = PBXNativeTarget;
			buildConfigurationList = A7B6E0552578F00C0079879A /* Build configuration list for PBXNativeTarget "MostPopularArticles" */;
			buildPhases = (
				A7B6E0272578F00A0079879A /* Sources */,
				A7B6E0282578F00A0079879A /* Frameworks */,
				A7B6E0292578F00A0079879A /* Resources */,
			);
			buildRules = (
			);
			dependencies = (
			);
			name = MostPopularArticles;
			productName = MostPopularArticles;
			productReference = A7B6E02B2578F00A0079879A /* MostPopularArticles.app */;
			productType = "com.apple.product-type.application";
		};
		A7B6E0402578F00C0079879A /* MostPopularArticlesTests */ = {
			isa = PBXNativeTarget;
			buildConfigurationList = A7B6E0582578F00C0079879A /* Build configuration list for PBXNativeTarget "MostPopularArticlesTests" */;
			buildPhases = (
				A7B6E03D2578F00C0079879A /* Sources */,
				A7B6E03E2578F00C0079879A /* Frameworks */,
				A7B6E03F2578F00C0079879A /* Resources */,
			);
			buildRules = (
			);
			dependencies = (
				A7B6E0432578F00C0079879A /* PBXTargetDependency */,
			);
			name = MostPopularArticlesTests;
			productName = MostPopularArticlesTests;
			productReference = A7B6E0412578F00C0079879A /* MostPopularArticlesTests.xctest */;
			productType = "com.apple.product-type.bundle.unit-test";
		};
		A7B6E04B2578F00C0079879A /* MostPopularArticlesUITests */ = {
			isa = PBXNativeTarget;
			buildConfigurationList = A7B6E05B2578F00C0079879A /* Build configuration list for PBXNativeTarget "MostPopularArticlesUITests" */;
			buildPhases = (
				A7B6E0482578F00C0079879A /* Sources */,
				A7B6E0492578F00C0079879A /* Frameworks */,
				A7B6E04A2578F00C0079879A /* Resources */,
			);
			buildRules = (
			);
			dependencies = (
				A7B6E04E2578F00C0079879A /* PBXTargetDependency */,
			);
			name = MostPopularArticlesUITests;
			productName = MostPopularArticlesUITests;
			productReference = A7B6E04C2578F00C0079879A /* MostPopularArticlesUITests.xctest */;
			productType = "com.apple.product-type.bundle.ui-testing";
		};
/* End PBXNativeTarget section */

/* Begin PBXProject section */
		A7B6E0232578F00A0079879A /* Project object */ = {
			isa = PBXProject;
			attributes = {
				LastSwiftUpdateCheck = 1220;
				LastUpgradeCheck = 1220;
				TargetAttributes = {
					A7B6E02A2578F00A0079879A = {
						CreatedOnToolsVersion = 12.2;
					};
					A7B6E0402578F00C0079879A = {
						CreatedOnToolsVersion = 12.2;
						TestTargetID = A7B6E02A2578F00A0079879A;
					};
					A7B6E04B2578F00C0079879A = {
						CreatedOnToolsVersion = 12.2;
						TestTargetID = A7B6E02A2578F00A0079879A;
					};
				};
			};
			buildConfigurationList = A7B6E0262578F00A0079879A /* Build configuration list for PBXProject "MostPopularArticles" */;
			compatibilityVersion = "Xcode 9.3";
			developmentRegion = en;
			hasScannedForEncodings = 0;
			knownRegions = (
				en,
				Base,
			);
			mainGroup = A7B6E0222578F00A0079879A;
			productRefGroup = A7B6E02C2578F00A0079879A /* Products */;
			projectDirPath = "";
			projectRoot = "";
			targets = (
				A7B6E02A2578F00A0079879A /* MostPopularArticles */,
				A7B6E0402578F00C0079879A /* MostPopularArticlesTests */,
				A7B6E04B2578F00C0079879A /* MostPopularArticlesUITests */,
			);
		};
/* End PBXProject section */

/* Begin PBXResourcesBuildPhase section */
		A7B6E0292578F00A0079879A /* Resources */ = {
			isa = PBXResourcesBuildPhase;
			buildActionMask = 2147483647;
			files = (
				A7B6E03B2578F00B0079879A /* LaunchScreen.storyboard in Resources */,
				A7B6E12F257935540079879A /* NYTMostViewdArticlesViewController.xib in Resources */,
				A7B6E14D257954A00079879A /* NewsTableViewCell.xib in Resources */,
				A7B6E0382578F00B0079879A /* Assets.xcassets in Resources */,
			);
			runOnlyForDeploymentPostprocessing = 0;
		};
		A7B6E03F2578F00C0079879A /* Resources */ = {
			isa = PBXResourcesBuildPhase;
			buildActionMask = 2147483647;
			files = (
			);
			runOnlyForDeploymentPostprocessing = 0;
		};
		A7B6E04A2578F00C0079879A /* Resources */ = {
			isa = PBXResourcesBuildPhase;
			buildActionMask = 2147483647;
			files = (
			);
			runOnlyForDeploymentPostprocessing = 0;
		};
/* End PBXResourcesBuildPhase section */

/* Begin PBXSourcesBuildPhase section */
		A7B6E0272578F00A0079879A /* Sources */ = {
			isa = PBXSourcesBuildPhase;
			buildActionMask = 2147483647;
			files = (
				A7B6E0CC257911D30079879A /* Task.swift in Sources */,
				A7B6E10E257917A30079879A /* URL+Appending.swift in Sources */,
				A7B6E12E257935540079879A /* NYTMostViewdArticlesInteractor.swift in Sources */,
				A7B6E13E257940A40079879A /* Media_metadata.swift in Sources */,
				A7B6E12B257935540079879A /* NYTMostViewdArticlesRouter.swift in Sources */,
				A7B6E1052579172A0079879A /* NYError.swift in Sources */,
				A7B6E16F25795C7E0079879A /* Period.swift in Sources */,
				A7B6E13F257940A40079879A /* Media.swift in Sources */,
				A7B6E13D257940A40079879A /* NYTimesNewsResponse.swift in Sources */,
				A7B6E0D3257913A10079879A /* Dictionary.swift in Sources */,
				A7B6E07F2579019E0079879A /* RootWireFrame.swift in Sources */,
				A7B6E12D257935540079879A /* NYTMostViewdArticlesProtocols.swift in Sources */,
				A7B6E12C257935540079879A /* NYTMostViewdArticlesViewController.swift in Sources */,
				A7B6E0CB257911D30079879A /* RequestHTTPMethod.swift in Sources */,
				A7B6E15E25795B680079879A /* NYTimesNewsEndPoint.swift in Sources */,
				A7B6E0CD257911D30079879A /* EndPoint.swift in Sources */,
				A7B6E0C9257911D30079879A /* APIService.swift in Sources */,
				A7B6E0CA257911D30079879A /* Encoder.swift in Sources */,
				A7B6E0C8257911D30079879A /* CommonHeadersProtocol.swift in Sources */,
				A7B6E12A257935540079879A /* NYTMostViewdArticlesPresenter.swift in Sources */,
				A7B6E15725795A830079879A /* NYTimesNewsService.swift in Sources */,
				A7B6E140257940A40079879A /* NewsArticle.swift in Sources */,
				A7B6E0E6257915D00079879A /* Defaults.swift in Sources */,
				A7B6E0F02579165C0079879A /* EnvironmentProtocol.swift in Sources */,
				A7B6E0F9257916A80079879A /* Environment.swift in Sources */,
				A7B6E14C257954A00079879A /* NewsTableViewCell.swift in Sources */,
				A7B6E0C7257911D30079879A /* AccessTokenAuthorizable.swift in Sources */,
				A7B6E02F2578F00A0079879A /* AppDelegate.swift in Sources */,
			);
			runOnlyForDeploymentPostprocessing = 0;
		};
		A7B6E03D2578F00C0079879A /* Sources */ = {
			isa = PBXSourcesBuildPhase;
			buildActionMask = 2147483647;
			files = (
				A7B6E0462578F00C0079879A /* MostPopularArticlesTests.swift in Sources */,
			);
			runOnlyForDeploymentPostprocessing = 0;
		};
		A7B6E0482578F00C0079879A /* Sources */ = {
			isa = PBXSourcesBuildPhase;
			buildActionMask = 2147483647;
			files = (
				A7B6E0512578F00C0079879A /* MostPopularArticlesUITests.swift in Sources */,
			);
			runOnlyForDeploymentPostprocessing = 0;
		};
/* End PBXSourcesBuildPhase section */

/* Begin PBXTargetDependency section */
		A7B6E0432578F00C0079879A /* PBXTargetDependency */ = {
			isa = PBXTargetDependency;
			target = A7B6E02A2578F00A0079879A /* MostPopularArticles */;
			targetProxy = A7B6E0422578F00C0079879A /* PBXContainerItemProxy */;
		};
		A7B6E04E2578F00C0079879A /* PBXTargetDependency */ = {
			isa = PBXTargetDependency;
			target = A7B6E02A2578F00A0079879A /* MostPopularArticles */;
			targetProxy = A7B6E04D2578F00C0079879A /* PBXContainerItemProxy */;
		};
/* End PBXTargetDependency section */

/* Begin PBXVariantGroup section */
		A7B6E0392578F00B0079879A /* LaunchScreen.storyboard */ = {
			isa = PBXVariantGroup;
			children = (
				A7B6E03A2578F00B0079879A /* Base */,
			);
			name = LaunchScreen.storyboard;
			sourceTree = "<group>";
		};
/* End PBXVariantGroup section */

/* Begin XCBuildConfiguration section */
		A7B6E0532578F00C0079879A /* Debug */ = {
			isa = XCBuildConfiguration;
			buildSettings = {
				ALWAYS_SEARCH_USER_PATHS = NO;
				CLANG_ANALYZER_NONNULL = YES;
				CLANG_ANALYZER_NUMBER_OBJECT_CONVERSION = YES_AGGRESSIVE;
				CLANG_CXX_LANGUAGE_STANDARD = "gnu++14";
				CLANG_CXX_LIBRARY = "libc++";
				CLANG_ENABLE_MODULES = YES;
				CLANG_ENABLE_OBJC_ARC = YES;
				CLANG_ENABLE_OBJC_WEAK = YES;
				CLANG_WARN_BLOCK_CAPTURE_AUTORELEASING = YES;
				CLANG_WARN_BOOL_CONVERSION = YES;
				CLANG_WARN_COMMA = YES;
				CLANG_WARN_CONSTANT_CONVERSION = YES;
				CLANG_WARN_DEPRECATED_OBJC_IMPLEMENTATIONS = YES;
				CLANG_WARN_DIRECT_OBJC_ISA_USAGE = YES_ERROR;
				CLANG_WARN_DOCUMENTATION_COMMENTS = YES;
				CLANG_WARN_EMPTY_BODY = YES;
				CLANG_WARN_ENUM_CONVERSION = YES;
				CLANG_WARN_INFINITE_RECURSION = YES;
				CLANG_WARN_INT_CONVERSION = YES;
				CLANG_WARN_NON_LITERAL_NULL_CONVERSION = YES;
				CLANG_WARN_OBJC_IMPLICIT_RETAIN_SELF = YES;
				CLANG_WARN_OBJC_LITERAL_CONVERSION = YES;
				CLANG_WARN_OBJC_ROOT_CLASS = YES_ERROR;
				CLANG_WARN_QUOTED_INCLUDE_IN_FRAMEWORK_HEADER = YES;
				CLANG_WARN_RANGE_LOOP_ANALYSIS = YES;
				CLANG_WARN_STRICT_PROTOTYPES = YES;
				CLANG_WARN_SUSPICIOUS_MOVE = YES;
				CLANG_WARN_UNGUARDED_AVAILABILITY = YES_AGGRESSIVE;
				CLANG_WARN_UNREACHABLE_CODE = YES;
				CLANG_WARN__DUPLICATE_METHOD_MATCH = YES;
				COPY_PHASE_STRIP = NO;
				DEBUG_INFORMATION_FORMAT = dwarf;
				ENABLE_STRICT_OBJC_MSGSEND = YES;
				ENABLE_TESTABILITY = YES;
				GCC_C_LANGUAGE_STANDARD = gnu11;
				GCC_DYNAMIC_NO_PIC = NO;
				GCC_NO_COMMON_BLOCKS = YES;
				GCC_OPTIMIZATION_LEVEL = 0;
				GCC_PREPROCESSOR_DEFINITIONS = (
					"DEBUG=1",
					"$(inherited)",
				);
				GCC_WARN_64_TO_32_BIT_CONVERSION = YES;
				GCC_WARN_ABOUT_RETURN_TYPE = YES_ERROR;
				GCC_WARN_UNDECLARED_SELECTOR = YES;
				GCC_WARN_UNINITIALIZED_AUTOS = YES_AGGRESSIVE;
				GCC_WARN_UNUSED_FUNCTION = YES;
				GCC_WARN_UNUSED_VARIABLE = YES;
				IPHONEOS_DEPLOYMENT_TARGET = 14.2;
				MTL_ENABLE_DEBUG_INFO = INCLUDE_SOURCE;
				MTL_FAST_MATH = YES;
				ONLY_ACTIVE_ARCH = YES;
				SDKROOT = iphoneos;
				SWIFT_ACTIVE_COMPILATION_CONDITIONS = DEBUG;
				SWIFT_OPTIMIZATION_LEVEL = "-Onone";
			};
			name = Debug;
		};
		A7B6E0542578F00C0079879A /* Release */ = {
			isa = XCBuildConfiguration;
			buildSettings = {
				ALWAYS_SEARCH_USER_PATHS = NO;
				CLANG_ANALYZER_NONNULL = YES;
				CLANG_ANALYZER_NUMBER_OBJECT_CONVERSION = YES_AGGRESSIVE;
				CLANG_CXX_LANGUAGE_STANDARD = "gnu++14";
				CLANG_CXX_LIBRARY = "libc++";
				CLANG_ENABLE_MODULES = YES;
				CLANG_ENABLE_OBJC_ARC = YES;
				CLANG_ENABLE_OBJC_WEAK = YES;
				CLANG_WARN_BLOCK_CAPTURE_AUTORELEASING = YES;
				CLANG_WARN_BOOL_CONVERSION = YES;
				CLANG_WARN_COMMA = YES;
				CLANG_WARN_CONSTANT_CONVERSION = YES;
				CLANG_WARN_DEPRECATED_OBJC_IMPLEMENTATIONS = YES;
				CLANG_WARN_DIRECT_OBJC_ISA_USAGE = YES_ERROR;
				CLANG_WARN_DOCUMENTATION_COMMENTS = YES;
				CLANG_WARN_EMPTY_BODY = YES;
				CLANG_WARN_ENUM_CONVERSION = YES;
				CLANG_WARN_INFINITE_RECURSION = YES;
				CLANG_WARN_INT_CONVERSION = YES;
				CLANG_WARN_NON_LITERAL_NULL_CONVERSION = YES;
				CLANG_WARN_OBJC_IMPLICIT_RETAIN_SELF = YES;
				CLANG_WARN_OBJC_LITERAL_CONVERSION = YES;
				CLANG_WARN_OBJC_ROOT_CLASS = YES_ERROR;
				CLANG_WARN_QUOTED_INCLUDE_IN_FRAMEWORK_HEADER = YES;
				CLANG_WARN_RANGE_LOOP_ANALYSIS = YES;
				CLANG_WARN_STRICT_PROTOTYPES = YES;
				CLANG_WARN_SUSPICIOUS_MOVE = YES;
				CLANG_WARN_UNGUARDED_AVAILABILITY = YES_AGGRESSIVE;
				CLANG_WARN_UNREACHABLE_CODE = YES;
				CLANG_WARN__DUPLICATE_METHOD_MATCH = YES;
				COPY_PHASE_STRIP = NO;
				DEBUG_INFORMATION_FORMAT = "dwarf-with-dsym";
				ENABLE_NS_ASSERTIONS = NO;
				ENABLE_STRICT_OBJC_MSGSEND = YES;
				GCC_C_LANGUAGE_STANDARD = gnu11;
				GCC_NO_COMMON_BLOCKS = YES;
				GCC_WARN_64_TO_32_BIT_CONVERSION = YES;
				GCC_WARN_ABOUT_RETURN_TYPE = YES_ERROR;
				GCC_WARN_UNDECLARED_SELECTOR = YES;
				GCC_WARN_UNINITIALIZED_AUTOS = YES_AGGRESSIVE;
				GCC_WARN_UNUSED_FUNCTION = YES;
				GCC_WARN_UNUSED_VARIABLE = YES;
				IPHONEOS_DEPLOYMENT_TARGET = 14.2;
				MTL_ENABLE_DEBUG_INFO = NO;
				MTL_FAST_MATH = YES;
				SDKROOT = iphoneos;
				SWIFT_COMPILATION_MODE = wholemodule;
				SWIFT_OPTIMIZATION_LEVEL = "-O";
				VALIDATE_PRODUCT = YES;
			};
			name = Release;
		};
		A7B6E0562578F00C0079879A /* Debug */ = {
			isa = XCBuildConfiguration;
			buildSettings = {
				ASSETCATALOG_COMPILER_APPICON_NAME = AppIcon;
				ASSETCATALOG_COMPILER_GLOBAL_ACCENT_COLOR_NAME = AccentColor;
				CODE_SIGN_STYLE = Automatic;
				DEVELOPMENT_TEAM = 7G7238MTLW;
				INFOPLIST_FILE = MostPopularArticles/Info.plist;
				LD_RUNPATH_SEARCH_PATHS = (
					"$(inherited)",
					"@executable_path/Frameworks",
				);
				PRODUCT_BUNDLE_IDENTIFIER = com..MostPopularArticles;
				PRODUCT_NAME = "$(TARGET_NAME)";
				SWIFT_VERSION = 5.0;
				TARGETED_DEVICE_FAMILY = "1,2";
			};
			name = Debug;
		};
		A7B6E0572578F00C0079879A /* Release */ = {
			isa = XCBuildConfiguration;
			buildSettings = {
				ASSETCATALOG_COMPILER_APPICON_NAME = AppIcon;
				ASSETCATALOG_COMPILER_GLOBAL_ACCENT_COLOR_NAME = AccentColor;
				CODE_SIGN_STYLE = Automatic;
				DEVELOPMENT_TEAM = 7G7238MTLW;
				INFOPLIST_FILE = MostPopularArticles/Info.plist;
				LD_RUNPATH_SEARCH_PATHS = (
					"$(inherited)",
					"@executable_path/Frameworks",
				);
				PRODUCT_BUNDLE_IDENTIFIER = com..MostPopularArticles;
				PRODUCT_NAME = "$(TARGET_NAME)";
				SWIFT_VERSION = 5.0;
				TARGETED_DEVICE_FAMILY = "1,2";
			};
			name = Release;
		};
		A7B6E0592578F00C0079879A /* Debug */ = {
			isa = XCBuildConfiguration;
			buildSettings = {
				ALWAYS_EMBED_SWIFT_STANDARD_LIBRARIES = YES;
				BUNDLE_LOADER = "$(TEST_HOST)";
				CODE_SIGN_STYLE = Automatic;
				DEVELOPMENT_TEAM = 7G7238MTLW;
				INFOPLIST_FILE = MostPopularArticlesTests/Info.plist;
				IPHONEOS_DEPLOYMENT_TARGET = 14.2;
				LD_RUNPATH_SEARCH_PATHS = (
					"$(inherited)",
					"@executable_path/Frameworks",
					"@loader_path/Frameworks",
				);
				PRODUCT_BUNDLE_IDENTIFIER = com..MostPopularArticlesTests;
				PRODUCT_NAME = "$(TARGET_NAME)";
				SWIFT_VERSION = 5.0;
				TARGETED_DEVICE_FAMILY = "1,2";
				TEST_HOST = "$(BUILT_PRODUCTS_DIR)/MostPopularArticles.app/MostPopularArticles";
			};
			name = Debug;
		};
		A7B6E05A2578F00C0079879A /* Release */ = {
			isa = XCBuildConfiguration;
			buildSettings = {
				ALWAYS_EMBED_SWIFT_STANDARD_LIBRARIES = YES;
				BUNDLE_LOADER = "$(TEST_HOST)";
				CODE_SIGN_STYLE = Automatic;
				DEVELOPMENT_TEAM = 7G7238MTLW;
				INFOPLIST_FILE = MostPopularArticlesTests/Info.plist;
				IPHONEOS_DEPLOYMENT_TARGET = 14.2;
				LD_RUNPATH_SEARCH_PATHS = (
					"$(inherited)",
					"@executable_path/Frameworks",
					"@loader_path/Frameworks",
				);
				PRODUCT_BUNDLE_IDENTIFIER = com..MostPopularArticlesTests;
				PRODUCT_NAME = "$(TARGET_NAME)";
				SWIFT_VERSION = 5.0;
				TARGETED_DEVICE_FAMILY = "1,2";
				TEST_HOST = "$(BUILT_PRODUCTS_DIR)/MostPopularArticles.app/MostPopularArticles";
			};
			name = Release;
		};
		A7B6E05C2578F00C0079879A /* Debug */ = {
			isa = XCBuildConfiguration;
			buildSettings = {
				ALWAYS_EMBED_SWIFT_STANDARD_LIBRARIES = YES;
				CODE_SIGN_STYLE = Automatic;
				DEVELOPMENT_TEAM = 7G7238MTLW;
				INFOPLIST_FILE = MostPopularArticlesUITests/Info.plist;
				LD_RUNPATH_SEARCH_PATHS = (
					"$(inherited)",
					"@executable_path/Frameworks",
					"@loader_path/Frameworks",
				);
				PRODUCT_BUNDLE_IDENTIFIER = com..MostPopularArticlesUITests;
				PRODUCT_NAME = "$(TARGET_NAME)";
				SWIFT_VERSION = 5.0;
				TARGETED_DEVICE_FAMILY = "1,2";
				TEST_TARGET_NAME = MostPopularArticles;
			};
			name = Debug;
		};
		A7B6E05D2578F00C0079879A /* Release */ = {
			isa = XCBuildConfiguration;
			buildSettings = {
				ALWAYS_EMBED_SWIFT_STANDARD_LIBRARIES = YES;
				CODE_SIGN_STYLE = Automatic;
				DEVELOPMENT_TEAM = 7G7238MTLW;
				INFOPLIST_FILE = MostPopularArticlesUITests/Info.plist;
				LD_RUNPATH_SEARCH_PATHS = (
					"$(inherited)",
					"@executable_path/Frameworks",
					"@loader_path/Frameworks",
				);
				PRODUCT_BUNDLE_IDENTIFIER = com..MostPopularArticlesUITests;
				PRODUCT_NAME = "$(TARGET_NAME)";
				SWIFT_VERSION = 5.0;
				TARGETED_DEVICE_FAMILY = "1,2";
				TEST_TARGET_NAME = MostPopularArticles;
			};
			name = Release;
		};
/* End XCBuildConfiguration section */

/* Begin XCConfigurationList section */
		A7B6E0262578F00A0079879A /* Build configuration list for PBXProject "MostPopularArticles" */ = {
			isa = XCConfigurationList;
			buildConfigurations = (
				A7B6E0532578F00C0079879A /* Debug */,
				A7B6E0542578F00C0079879A /* Release */,
			);
			defaultConfigurationIsVisible = 0;
			defaultConfigurationName = Release;
		};
		A7B6E0552578F00C0079879A /* Build configuration list for PBXNativeTarget "MostPopularArticles" */ = {
			isa = XCConfigurationList;
			buildConfigurations = (
				A7B6E0562578F00C0079879A /* Debug */,
				A7B6E0572578F00C0079879A /* Release */,
			);
			defaultConfigurationIsVisible = 0;
			defaultConfigurationName = Release;
		};
		A7B6E0582578F00C0079879A /* Build configuration list for PBXNativeTarget "MostPopularArticlesTests" */ = {
			isa = XCConfigurationList;
			buildConfigurations = (
				A7B6E0592578F00C0079879A /* Debug */,
				A7B6E05A2578F00C0079879A /* Release */,
			);
			defaultConfigurationIsVisible = 0;
			defaultConfigurationName = Release;
		};
		A7B6E05B2578F00C0079879A /* Build configuration list for PBXNativeTarget "MostPopularArticlesUITests" */ = {
			isa = XCConfigurationList;
			buildConfigurations = (
				A7B6E05C2578F00C0079879A /* Debug */,
				A7B6E05D2578F00C0079879A /* Release */,
			);
			defaultConfigurationIsVisible = 0;
			defaultConfigurationName = Release;
		};
/* End XCConfigurationList section */
	};
	rootObject = A7B6E0232578F00A0079879A /* Project object */;
}
